
Microsoft Visual Studio Solution File, Format Version 12.00
# Visual Studio 14
VisualStudioVersion = 14.0.22310.1
MinimumVisualStudioVersion = 10.0.40219.1
Project("{8BC9CEB8-8B4A-11D0-8D11-00A0C91BC942}") = "Spaceships2D", "Spaceships2D\Spaceships2D.vcxproj", "{6CD204C5-4ACE-42C1-88A0-F1B16F0E0B12}"
EndProject
Global
	GlobalSection(SolutionConfigurationPlatforms) = preSolution
		Debug|Win32 = Debug|Win32
		Release|Win32 = Release|Win32
	EndGlobalSection
	GlobalSection(ProjectConfigurationPlatforms) = postSolution
		{6CD204C5-4ACE-42C1-88A0-F1B16F0E0B12}.Debug|Win32.ActiveCfg = Debug|Win32
		{6CD204C5-4ACE-42C1-88A0-F1B16F0E0B12}.Debug|Win32.Build.0 = Debug|Win32
		{6CD204C5-4ACE-42C1-88A0-F1B16F0E0B12}.Release|Win32.ActiveCfg = Release|Win32
		{6CD204C5-4ACE-42C1-88A0-F1B16F0E0B12}.Release|Win32.Build.0 = Release|Win32
	EndGlobalSection
	GlobalSection(SolutionProperties) = preSolution
		HideSolutionNode = FALSE
	EndGlobalSection
EndGlobal
